// !$*UTF8*$!
{
	archiveVersion = 1;
	classes = {
	};
	objectVersion = 50;
	objects = {

/* Begin PBXBuildFile section */
		079C6EB22569C54400BA494D /* extension_String.swift in Sources */ = {isa = PBXBuildFile; fileRef = 079C6EB12569C54400BA494D /* extension_String.swift */; };
		4E202A212458F6DD001377CA /* AppDelegate.swift in Sources */ = {isa = PBXBuildFile; fileRef = 4E202A202458F6DD001377CA /* AppDelegate.swift */; };
		4E202A232458F6DD001377CA /* ContentView.swift in Sources */ = {isa = PBXBuildFile; fileRef = 4E202A222458F6DD001377CA /* ContentView.swift */; };
		4E202A262458F6DD001377CA /* MusicPlayer.xcdatamodeld in Sources */ = {isa = PBXBuildFile; fileRef = 4E202A242458F6DD001377CA /* MusicPlayer.xcdatamodeld */; };
		4E202A282458F6DE001377CA /* Assets.xcassets in Resources */ = {isa = PBXBuildFile; fileRef = 4E202A272458F6DE001377CA /* Assets.xcassets */; };
		4E202A2B2458F6DE001377CA /* Preview Assets.xcassets in Resources */ = {isa = PBXBuildFile; fileRef = 4E202A2A2458F6DE001377CA /* Preview Assets.xcassets */; };
		4E202A2E2458F6DE001377CA /* Main.storyboard in Resources */ = {isa = PBXBuildFile; fileRef = 4E202A2C2458F6DE001377CA /* Main.storyboard */; };
		4E217114246B4224009C4A71 /* MusicDataBaseManager.swift in Sources */ = {isa = PBXBuildFile; fileRef = 4E217113246B4224009C4A71 /* MusicDataBaseManager.swift */; };
		4E217116246B42A2009C4A71 /* MusicDataManager.swift in Sources */ = {isa = PBXBuildFile; fileRef = 4E217115246B42A2009C4A71 /* MusicDataManager.swift */; };
		4E217118246B42E1009C4A71 /* MusicDataStruct.swift in Sources */ = {isa = PBXBuildFile; fileRef = 4E217117246B42E1009C4A71 /* MusicDataStruct.swift */; };
		4E580A78245BD61C00E48783 /* Buttons.swift in Sources */ = {isa = PBXBuildFile; fileRef = 4E580A77245BD61C00E48783 /* Buttons.swift */; };
		4E580A7A245BDA3F00E48783 /* StatusBarView.swift in Sources */ = {isa = PBXBuildFile; fileRef = 4E580A79245BDA3F00E48783 /* StatusBarView.swift */; };
		4E580A7C245BDCC400E48783 /* MainWindowView.swift in Sources */ = {isa = PBXBuildFile; fileRef = 4E580A7B245BDCC400E48783 /* MainWindowView.swift */; };
		4E580A7E245BDCFE00E48783 /* AutoCloseWindow.swift in Sources */ = {isa = PBXBuildFile; fileRef = 4E580A7D245BDCFE00E48783 /* AutoCloseWindow.swift */; };
		4E71314F2496D542003503F6 /* MusicListOverViewData.swift in Sources */ = {isa = PBXBuildFile; fileRef = 4E71314E2496D542003503F6 /* MusicListOverViewData.swift */; };
		4E7F8D5C245A326D006B7143 /* placeHolder.mp4 in Resources */ = {isa = PBXBuildFile; fileRef = 4E7F8D5B245A326D006B7143 /* placeHolder.mp4 */; };
		4E7F8D5E245A3CE8006B7143 /* MusicPlayedRecorder.swift in Sources */ = {isa = PBXBuildFile; fileRef = 4E7F8D5D245A3CE8006B7143 /* MusicPlayedRecorder.swift */; };
		4E7F8D63245A4E28006B7143 /* AppData.swift in Sources */ = {isa = PBXBuildFile; fileRef = 4E7F8D62245A4E28006B7143 /* AppData.swift */; };
		4E7F8D86245B68E8006B7143 /* MusicListView.swift in Sources */ = {isa = PBXBuildFile; fileRef = 4E7F8D85245B68E8006B7143 /* MusicListView.swift */; };
		4E7F8D88245B6997006B7143 /* MusicListCell.swift in Sources */ = {isa = PBXBuildFile; fileRef = 4E7F8D87245B6997006B7143 /* MusicListCell.swift */; };
		4E7F8D8A245B7141006B7143 /* extension_AVPlayer.swift in Sources */ = {isa = PBXBuildFile; fileRef = 4E7F8D89245B7141006B7143 /* extension_AVPlayer.swift */; };
		4E7F8D8C245B716E006B7143 /* PlayerNSView.swift in Sources */ = {isa = PBXBuildFile; fileRef = 4E7F8D8B245B716E006B7143 /* PlayerNSView.swift */; };
		4E7F8D8E245B71BC006B7143 /* PlayerUIView.swift in Sources */ = {isa = PBXBuildFile; fileRef = 4E7F8D8D245B71BC006B7143 /* PlayerUIView.swift */; };
		4E7F8D90245B73BE006B7143 /* PathsView.swift in Sources */ = {isa = PBXBuildFile; fileRef = 4E7F8D8F245B73BE006B7143 /* PathsView.swift */; };
		4E7F8D92245B7447006B7143 /* PathsViewCell.swift in Sources */ = {isa = PBXBuildFile; fileRef = 4E7F8D91245B7447006B7143 /* PathsViewCell.swift */; };
		4E7F8D94245B7585006B7143 /* OpenPanelCustomize.swift in Sources */ = {isa = PBXBuildFile; fileRef = 4E7F8D93245B7585006B7143 /* OpenPanelCustomize.swift */; };
		4E7F8D96245B770E006B7143 /* MusicListOverView.swift in Sources */ = {isa = PBXBuildFile; fileRef = 4E7F8D95245B770E006B7143 /* MusicListOverView.swift */; };
		4E7F8D98245B7951006B7143 /* ViewingMusicListManager.swift in Sources */ = {isa = PBXBuildFile; fileRef = 4E7F8D97245B7951006B7143 /* ViewingMusicListManager.swift */; };
		4E98C86A245A1CCC0042857D /* Music.swift in Sources */ = {isa = PBXBuildFile; fileRef = 4E98C869245A1CCC0042857D /* Music.swift */; };
		4E98C86C245A1CE50042857D /* MusicManager.swift in Sources */ = {isa = PBXBuildFile; fileRef = 4E98C86B245A1CE50042857D /* MusicManager.swift */; };
		4E98C86E245A1CFF0042857D /* MusicPlayer.swift in Sources */ = {isa = PBXBuildFile; fileRef = 4E98C86D245A1CFF0042857D /* MusicPlayer.swift */; };
		4E98C870245A1D530042857D /* MusicWrapper.swift in Sources */ = {isa = PBXBuildFile; fileRef = 4E98C86F245A1D530042857D /* MusicWrapper.swift */; };
		4E98C872245A1F820042857D /* MusicListManager.swift in Sources */ = {isa = PBXBuildFile; fileRef = 4E98C871245A1F820042857D /* MusicListManager.swift */; };
		4E98C874245A24170042857D /* AppManager.swift in Sources */ = {isa = PBXBuildFile; fileRef = 4E98C873245A24170042857D /* AppManager.swift */; };
		4E98C876245A248C0042857D /* MusicMaker.swift in Sources */ = {isa = PBXBuildFile; fileRef = 4E98C875245A248C0042857D /* MusicMaker.swift */; };
		4E98C878245A26040042857D /* MusicType.swift in Sources */ = {isa = PBXBuildFile; fileRef = 4E98C877245A26040042857D /* MusicType.swift */; };
		4E98C87A245A28E80042857D /* Repeat_Shuffle_Status.swift in Sources */ = {isa = PBXBuildFile; fileRef = 4E98C879245A28E80042857D /* Repeat_Shuffle_Status.swift */; };
		4E98C87C245A2E890042857D /* GetMusicFromFolder.swift in Sources */ = {isa = PBXBuildFile; fileRef = 4E98C87B245A2E890042857D /* GetMusicFromFolder.swift */; };
		4EFEF1632495B97D00C7B176 /* TODO.rtf in Resources */ = {isa = PBXBuildFile; fileRef = 4EFEF1622495B97D00C7B176 /* TODO.rtf */; };
/* End PBXBuildFile section */

/* Begin PBXFileReference section */
		079C6EB12569C54400BA494D /* extension_String.swift */ = {isa = PBXFileReference; lastKnownFileType = sourcecode.swift; path = extension_String.swift; sourceTree = "<group>"; };
		4E202A1D2458F6DD001377CA /* MusicPlayer.app */ = {isa = PBXFileReference; explicitFileType = wrapper.application; includeInIndex = 0; path = MusicPlayer.app; sourceTree = BUILT_PRODUCTS_DIR; };
		4E202A202458F6DD001377CA /* AppDelegate.swift */ = {isa = PBXFileReference; lastKnownFileType = sourcecode.swift; path = AppDelegate.swift; sourceTree = "<group>"; };
		4E202A222458F6DD001377CA /* ContentView.swift */ = {isa = PBXFileReference; lastKnownFileType = sourcecode.swift; path = ContentView.swift; sourceTree = "<group>"; };
		4E202A252458F6DD001377CA /* MusicPlayer.xcdatamodel */ = {isa = PBXFileReference; lastKnownFileType = wrapper.xcdatamodel; path = MusicPlayer.xcdatamodel; sourceTree = "<group>"; };
		4E202A272458F6DE001377CA /* Assets.xcassets */ = {isa = PBXFileReference; lastKnownFileType = folder.assetcatalog; path = Assets.xcassets; sourceTree = "<group>"; };
		4E202A2A2458F6DE001377CA /* Preview Assets.xcassets */ = {isa = PBXFileReference; lastKnownFileType = folder.assetcatalog; path = "Preview Assets.xcassets"; sourceTree = "<group>"; };
		4E202A2D2458F6DE001377CA /* Base */ = {isa = PBXFileReference; lastKnownFileType = file.storyboard; name = Base; path = Base.lproj/Main.storyboard; sourceTree = "<group>"; };
		4E202A2F2458F6DE001377CA /* Info.plist */ = {isa = PBXFileReference; lastKnownFileType = text.plist.xml; path = Info.plist; sourceTree = "<group>"; };
		4E202A302458F6DE001377CA /* MusicPlayer.entitlements */ = {isa = PBXFileReference; lastKnownFileType = text.plist.entitlements; path = MusicPlayer.entitlements; sourceTree = "<group>"; };
		4E217113246B4224009C4A71 /* MusicDataBaseManager.swift */ = {isa = PBXFileReference; lastKnownFileType = sourcecode.swift; path = MusicDataBaseManager.swift; sourceTree = "<group>"; };
		4E217115246B42A2009C4A71 /* MusicDataManager.swift */ = {isa = PBXFileReference; lastKnownFileType = sourcecode.swift; path = MusicDataManager.swift; sourceTree = "<group>"; };
		4E217117246B42E1009C4A71 /* MusicDataStruct.swift */ = {isa = PBXFileReference; lastKnownFileType = sourcecode.swift; path = MusicDataStruct.swift; sourceTree = "<group>"; };
		4E580A77245BD61C00E48783 /* Buttons.swift */ = {isa = PBXFileReference; lastKnownFileType = sourcecode.swift; path = Buttons.swift; sourceTree = "<group>"; };
		4E580A79245BDA3F00E48783 /* StatusBarView.swift */ = {isa = PBXFileReference; lastKnownFileType = sourcecode.swift; path = StatusBarView.swift; sourceTree = "<group>"; };
		4E580A7B245BDCC400E48783 /* MainWindowView.swift */ = {isa = PBXFileReference; lastKnownFileType = sourcecode.swift; path = MainWindowView.swift; sourceTree = "<group>"; };
		4E580A7D245BDCFE00E48783 /* AutoCloseWindow.swift */ = {isa = PBXFileReference; lastKnownFileType = sourcecode.swift; path = AutoCloseWindow.swift; sourceTree = "<group>"; };
		4E71314E2496D542003503F6 /* MusicListOverViewData.swift */ = {isa = PBXFileReference; lastKnownFileType = sourcecode.swift; path = MusicListOverViewData.swift; sourceTree = "<group>"; };
		4E7F8D5B245A326D006B7143 /* placeHolder.mp4 */ = {isa = PBXFileReference; lastKnownFileType = file; path = placeHolder.mp4; sourceTree = "<group>"; };
		4E7F8D5D245A3CE8006B7143 /* MusicPlayedRecorder.swift */ = {isa = PBXFileReference; lastKnownFileType = sourcecode.swift; path = MusicPlayedRecorder.swift; sourceTree = "<group>"; };
		4E7F8D62245A4E28006B7143 /* AppData.swift */ = {isa = PBXFileReference; lastKnownFileType = sourcecode.swift; path = AppData.swift; sourceTree = "<group>"; };
		4E7F8D85245B68E8006B7143 /* MusicListView.swift */ = {isa = PBXFileReference; lastKnownFileType = sourcecode.swift; path = MusicListView.swift; sourceTree = "<group>"; };
		4E7F8D87245B6997006B7143 /* MusicListCell.swift */ = {isa = PBXFileReference; lastKnownFileType = sourcecode.swift; path = MusicListCell.swift; sourceTree = "<group>"; };
		4E7F8D89245B7141006B7143 /* extension_AVPlayer.swift */ = {isa = PBXFileReference; lastKnownFileType = sourcecode.swift; path = extension_AVPlayer.swift; sourceTree = "<group>"; };
		4E7F8D8B245B716E006B7143 /* PlayerNSView.swift */ = {isa = PBXFileReference; lastKnownFileType = sourcecode.swift; path = PlayerNSView.swift; sourceTree = "<group>"; };
		4E7F8D8D245B71BC006B7143 /* PlayerUIView.swift */ = {isa = PBXFileReference; lastKnownFileType = sourcecode.swift; path = PlayerUIView.swift; sourceTree = "<group>"; };
		4E7F8D8F245B73BE006B7143 /* PathsView.swift */ = {isa = PBXFileReference; lastKnownFileType = sourcecode.swift; path = PathsView.swift; sourceTree = "<group>"; };
		4E7F8D91245B7447006B7143 /* PathsViewCell.swift */ = {isa = PBXFileReference; lastKnownFileType = sourcecode.swift; path = PathsViewCell.swift; sourceTree = "<group>"; };
		4E7F8D93245B7585006B7143 /* OpenPanelCustomize.swift */ = {isa = PBXFileReference; lastKnownFileType = sourcecode.swift; path = OpenPanelCustomize.swift; sourceTree = "<group>"; };
		4E7F8D95245B770E006B7143 /* MusicListOverView.swift */ = {isa = PBXFileReference; lastKnownFileType = sourcecode.swift; path = MusicListOverView.swift; sourceTree = "<group>"; };
		4E7F8D97245B7951006B7143 /* ViewingMusicListManager.swift */ = {isa = PBXFileReference; lastKnownFileType = sourcecode.swift; path = ViewingMusicListManager.swift; sourceTree = "<group>"; };
		4E98C869245A1CCC0042857D /* Music.swift */ = {isa = PBXFileReference; lastKnownFileType = sourcecode.swift; path = Music.swift; sourceTree = "<group>"; };
		4E98C86B245A1CE50042857D /* MusicManager.swift */ = {isa = PBXFileReference; lastKnownFileType = sourcecode.swift; path = MusicManager.swift; sourceTree = "<group>"; };
		4E98C86D245A1CFF0042857D /* MusicPlayer.swift */ = {isa = PBXFileReference; lastKnownFileType = sourcecode.swift; path = MusicPlayer.swift; sourceTree = "<group>"; };
		4E98C86F245A1D530042857D /* MusicWrapper.swift */ = {isa = PBXFileReference; lastKnownFileType = sourcecode.swift; path = MusicWrapper.swift; sourceTree = "<group>"; };
		4E98C871245A1F820042857D /* MusicListManager.swift */ = {isa = PBXFileReference; lastKnownFileType = sourcecode.swift; path = MusicListManager.swift; sourceTree = "<group>"; };
		4E98C873245A24170042857D /* AppManager.swift */ = {isa = PBXFileReference; lastKnownFileType = sourcecode.swift; path = AppManager.swift; sourceTree = "<group>"; };
		4E98C875245A248C0042857D /* MusicMaker.swift */ = {isa = PBXFileReference; lastKnownFileType = sourcecode.swift; path = MusicMaker.swift; sourceTree = "<group>"; };
		4E98C877245A26040042857D /* MusicType.swift */ = {isa = PBXFileReference; lastKnownFileType = sourcecode.swift; path = MusicType.swift; sourceTree = "<group>"; };
		4E98C879245A28E80042857D /* Repeat_Shuffle_Status.swift */ = {isa = PBXFileReference; lastKnownFileType = sourcecode.swift; path = Repeat_Shuffle_Status.swift; sourceTree = "<group>"; };
		4E98C87B245A2E890042857D /* GetMusicFromFolder.swift */ = {isa = PBXFileReference; lastKnownFileType = sourcecode.swift; path = GetMusicFromFolder.swift; sourceTree = "<group>"; };
		4EFEF1622495B97D00C7B176 /* TODO.rtf */ = {isa = PBXFileReference; lastKnownFileType = text.rtf; path = TODO.rtf; sourceTree = "<group>"; };
/* End PBXFileReference section */

/* Begin PBXFrameworksBuildPhase section */
		4E202A1A2458F6DD001377CA /* Frameworks */ = {
			isa = PBXFrameworksBuildPhase;
			buildActionMask = 2147483647;
			files = (
			);
			runOnlyForDeploymentPostprocessing = 0;
		};
/* End PBXFrameworksBuildPhase section */

/* Begin PBXGroup section */
		4E202A142458F6DD001377CA = {
			isa = PBXGroup;
			children = (
				4E202A1F2458F6DD001377CA /* MusicPlayer */,
				4E202A1E2458F6DD001377CA /* Products */,
			);
			sourceTree = "<group>";
		};
		4E202A1E2458F6DD001377CA /* Products */ = {
			isa = PBXGroup;
			children = (
				4E202A1D2458F6DD001377CA /* MusicPlayer.app */,
			);
			name = Products;
			sourceTree = "<group>";
		};
		4E202A1F2458F6DD001377CA /* MusicPlayer */ = {
			isa = PBXGroup;
			children = (
				4EFEF1622495B97D00C7B176 /* TODO.rtf */,
				4E202A202458F6DD001377CA /* AppDelegate.swift */,
				4E98C873245A24170042857D /* AppManager.swift */,
				4E7F8D62245A4E28006B7143 /* AppData.swift */,
				4E580A79245BDA3F00E48783 /* StatusBarView.swift */,
				4E580A7B245BDCC400E48783 /* MainWindowView.swift */,
				4E217112246B415C009C4A71 /* DataBase Group */,
				4E202A272458F6DE001377CA /* Assets.xcassets */,
				4E202A2C2458F6DE001377CA /* Main.storyboard */,
				4E202A2F2458F6DE001377CA /* Info.plist */,
				4E98C865245A1C480042857D /* MainView */,
				4E98C867245A1C800042857D /* MusicPlayerGroup */,
				4E98C866245A1C640042857D /* MusicGroup */,
				4E98C868245A1CAB0042857D /* Support */,
				4E202A302458F6DE001377CA /* MusicPlayer.entitlements */,
				4E7F8D5B245A326D006B7143 /* placeHolder.mp4 */,
				4E202A292458F6DE001377CA /* Preview Content */,
			);
			path = MusicPlayer;
			sourceTree = "<group>";
		};
		4E202A292458F6DE001377CA /* Preview Content */ = {
			isa = PBXGroup;
			children = (
				4E202A2A2458F6DE001377CA /* Preview Assets.xcassets */,
			);
			path = "Preview Content";
			sourceTree = "<group>";
		};
		4E217112246B415C009C4A71 /* DataBase Group */ = {
			isa = PBXGroup;
			children = (
				4E202A242458F6DD001377CA /* MusicPlayer.xcdatamodeld */,
				4E217113246B4224009C4A71 /* MusicDataBaseManager.swift */,
				4E217115246B42A2009C4A71 /* MusicDataManager.swift */,
				4E217117246B42E1009C4A71 /* MusicDataStruct.swift */,
			);
			path = "DataBase Group";
			sourceTree = "<group>";
		};
		4E98C865245A1C480042857D /* MainView */ = {
			isa = PBXGroup;
			children = (
				4E202A222458F6DD001377CA /* ContentView.swift */,
				4E7F8D85245B68E8006B7143 /* MusicListView.swift */,
				4E7F8D87245B6997006B7143 /* MusicListCell.swift */,
				4E7F8D8F245B73BE006B7143 /* PathsView.swift */,
				4E7F8D91245B7447006B7143 /* PathsViewCell.swift */,
				4E7F8D95245B770E006B7143 /* MusicListOverView.swift */,
				4E580A77245BD61C00E48783 /* Buttons.swift */,
			);
			path = MainView;
			sourceTree = "<group>";
		};
		4E98C866245A1C640042857D /* MusicGroup */ = {
			isa = PBXGroup;
			children = (
				4E98C86B245A1CE50042857D /* MusicManager.swift */,
				4E98C871245A1F820042857D /* MusicListManager.swift */,
				4E7F8D97245B7951006B7143 /* ViewingMusicListManager.swift */,
				4E98C875245A248C0042857D /* MusicMaker.swift */,
				4E98C869245A1CCC0042857D /* Music.swift */,
				4E98C86F245A1D530042857D /* MusicWrapper.swift */,
				4E7F8D5D245A3CE8006B7143 /* MusicPlayedRecorder.swift */,
				4E71314E2496D542003503F6 /* MusicListOverViewData.swift */,
			);
			path = MusicGroup;
			sourceTree = "<group>";
		};
		4E98C867245A1C800042857D /* MusicPlayerGroup */ = {
			isa = PBXGroup;
			children = (
				4E7F8D8D245B71BC006B7143 /* PlayerUIView.swift */,
				4E98C86D245A1CFF0042857D /* MusicPlayer.swift */,
				4E7F8D8B245B716E006B7143 /* PlayerNSView.swift */,
			);
			path = MusicPlayerGroup;
			sourceTree = "<group>";
		};
		4E98C868245A1CAB0042857D /* Support */ = {
			isa = PBXGroup;
			children = (
				4E98C87B245A2E890042857D /* GetMusicFromFolder.swift */,
				4E98C877245A26040042857D /* MusicType.swift */,
				4E98C879245A28E80042857D /* Repeat_Shuffle_Status.swift */,
				4E7F8D89245B7141006B7143 /* extension_AVPlayer.swift */,
				079C6EB12569C54400BA494D /* extension_String.swift */,
				4E7F8D93245B7585006B7143 /* OpenPanelCustomize.swift */,
				4E580A7D245BDCFE00E48783 /* AutoCloseWindow.swift */,
			);
			path = Support;
			sourceTree = "<group>";
		};
/* End PBXGroup section */

/* Begin PBXNativeTarget section */
		4E202A1C2458F6DD001377CA /* MusicPlayer */ = {
			isa = PBXNativeTarget;
			buildConfigurationList = 4E202A332458F6DE001377CA /* Build configuration list for PBXNativeTarget "MusicPlayer" */;
			buildPhases = (
				4E202A192458F6DD001377CA /* Sources */,
				4E202A1A2458F6DD001377CA /* Frameworks */,
				4E202A1B2458F6DD001377CA /* Resources */,
			);
			buildRules = (
			);
			dependencies = (
			);
			name = MusicPlayer;
			productName = MusicPlayer;
			productReference = 4E202A1D2458F6DD001377CA /* MusicPlayer.app */;
			productType = "com.apple.product-type.application";
		};
/* End PBXNativeTarget section */

/* Begin PBXProject section */
		4E202A152458F6DD001377CA /* Project object */ = {
			isa = PBXProject;
			attributes = {
				LastSwiftUpdateCheck = 1140;
				LastUpgradeCheck = 1140;
				ORGANIZATIONNAME = "Gary Wu";
				TargetAttributes = {
					4E202A1C2458F6DD001377CA = {
						CreatedOnToolsVersion = 11.4.1;
					};
				};
			};
			buildConfigurationList = 4E202A182458F6DD001377CA /* Build configuration list for PBXProject "MusicPlayer" */;
			compatibilityVersion = "Xcode 9.3";
			developmentRegion = en;
			hasScannedForEncodings = 0;
			knownRegions = (
				en,
				Base,
			);
			mainGroup = 4E202A142458F6DD001377CA;
			productRefGroup = 4E202A1E2458F6DD001377CA /* Products */;
			projectDirPath = "";
			projectRoot = "";
			targets = (
				4E202A1C2458F6DD001377CA /* MusicPlayer */,
			);
		};
/* End PBXProject section */

/* Begin PBXResourcesBuildPhase section */
		4E202A1B2458F6DD001377CA /* Resources */ = {
			isa = PBXResourcesBuildPhase;
			buildActionMask = 2147483647;
			files = (
				4EFEF1632495B97D00C7B176 /* TODO.rtf in Resources */,
				4E202A2E2458F6DE001377CA /* Main.storyboard in Resources */,
				4E7F8D5C245A326D006B7143 /* placeHolder.mp4 in Resources */,
				4E202A2B2458F6DE001377CA /* Preview Assets.xcassets in Resources */,
				4E202A282458F6DE001377CA /* Assets.xcassets in Resources */,
			);
			runOnlyForDeploymentPostprocessing = 0;
		};
/* End PBXResourcesBuildPhase section */

/* Begin PBXSourcesBuildPhase section */
		4E202A192458F6DD001377CA /* Sources */ = {
			isa = PBXSourcesBuildPhase;
			buildActionMask = 2147483647;
			files = (
				4E202A232458F6DD001377CA /* ContentView.swift in Sources */,
				4E98C872245A1F820042857D /* MusicListManager.swift in Sources */,
				079C6EB22569C54400BA494D /* extension_String.swift in Sources */,
				4E98C876245A248C0042857D /* MusicMaker.swift in Sources */,
				4E580A7C245BDCC400E48783 /* MainWindowView.swift in Sources */,
				4E580A78245BD61C00E48783 /* Buttons.swift in Sources */,
				4E217118246B42E1009C4A71 /* MusicDataStruct.swift in Sources */,
				4E202A262458F6DD001377CA /* MusicPlayer.xcdatamodeld in Sources */,
				4E98C870245A1D530042857D /* MusicWrapper.swift in Sources */,
				4E98C86E245A1CFF0042857D /* MusicPlayer.swift in Sources */,
				4E7F8D86245B68E8006B7143 /* MusicListView.swift in Sources */,
				4E98C87A245A28E80042857D /* Repeat_Shuffle_Status.swift in Sources */,
				4E7F8D90245B73BE006B7143 /* PathsView.swift in Sources */,
				4E7F8D92245B7447006B7143 /* PathsViewCell.swift in Sources */,
				4E202A212458F6DD001377CA /* AppDelegate.swift in Sources */,
				4E71314F2496D542003503F6 /* MusicListOverViewData.swift in Sources */,
				4E580A7A245BDA3F00E48783 /* StatusBarView.swift in Sources */,
				4E98C874245A24170042857D /* AppManager.swift in Sources */,
				4E98C86A245A1CCC0042857D /* Music.swift in Sources */,
				4E217114246B4224009C4A71 /* MusicDataBaseManager.swift in Sources */,
				4E7F8D8E245B71BC006B7143 /* PlayerUIView.swift in Sources */,
				4E7F8D96245B770E006B7143 /* MusicListOverView.swift in Sources */,
				4E7F8D88245B6997006B7143 /* MusicListCell.swift in Sources */,
				4E98C86C245A1CE50042857D /* MusicManager.swift in Sources */,
				4E7F8D98245B7951006B7143 /* ViewingMusicListManager.swift in Sources */,
				4E7F8D8C245B716E006B7143 /* PlayerNSView.swift in Sources */,
				4E7F8D8A245B7141006B7143 /* extension_AVPlayer.swift in Sources */,
				4E98C87C245A2E890042857D /* GetMusicFromFolder.swift in Sources */,
				4E217116246B42A2009C4A71 /* MusicDataManager.swift in Sources */,
				4E7F8D5E245A3CE8006B7143 /* MusicPlayedRecorder.swift in Sources */,
				4E98C878245A26040042857D /* MusicType.swift in Sources */,
				4E7F8D63245A4E28006B7143 /* AppData.swift in Sources */,
				4E7F8D94245B7585006B7143 /* OpenPanelCustomize.swift in Sources */,
				4E580A7E245BDCFE00E48783 /* AutoCloseWindow.swift in Sources */,
			);
			runOnlyForDeploymentPostprocessing = 0;
		};
/* End PBXSourcesBuildPhase section */

/* Begin PBXVariantGroup section */
		4E202A2C2458F6DE001377CA /* Main.storyboard */ = {
			isa = PBXVariantGroup;
			children = (
				4E202A2D2458F6DE001377CA /* Base */,
			);
			name = Main.storyboard;
			sourceTree = "<group>";
		};
/* End PBXVariantGroup section */

/* Begin XCBuildConfiguration section */
		4E202A312458F6DE001377CA /* Debug */ = {
			isa = XCBuildConfiguration;
			buildSettings = {
				ALWAYS_SEARCH_USER_PATHS = NO;
				CLANG_ANALYZER_NONNULL = YES;
				CLANG_ANALYZER_NUMBER_OBJECT_CONVERSION = YES_AGGRESSIVE;
				CLANG_CXX_LANGUAGE_STANDARD = "gnu++14";
				CLANG_CXX_LIBRARY = "libc++";
				CLANG_ENABLE_MODULES = YES;
				CLANG_ENABLE_OBJC_ARC = YES;
				CLANG_ENABLE_OBJC_WEAK = YES;
				CLANG_WARN_BLOCK_CAPTURE_AUTORELEASING = YES;
				CLANG_WARN_BOOL_CONVERSION = YES;
				CLANG_WARN_COMMA = YES;
				CLANG_WARN_CONSTANT_CONVERSION = YES;
				CLANG_WARN_DEPRECATED_OBJC_IMPLEMENTATIONS = YES;
				CLANG_WARN_DIRECT_OBJC_ISA_USAGE = YES_ERROR;
				CLANG_WARN_DOCUMENTATION_COMMENTS = YES;
				CLANG_WARN_EMPTY_BODY = YES;
				CLANG_WARN_ENUM_CONVERSION = YES;
				CLANG_WARN_INFINITE_RECURSION = YES;
				CLANG_WARN_INT_CONVERSION = YES;
				CLANG_WARN_NON_LITERAL_NULL_CONVERSION = YES;
				CLANG_WARN_OBJC_IMPLICIT_RETAIN_SELF = YES;
				CLANG_WARN_OBJC_LITERAL_CONVERSION = YES;
				CLANG_WARN_OBJC_ROOT_CLASS = YES_ERROR;
				CLANG_WARN_RANGE_LOOP_ANALYSIS = YES;
				CLANG_WARN_STRICT_PROTOTYPES = YES;
				CLANG_WARN_SUSPICIOUS_MOVE = YES;
				CLANG_WARN_UNGUARDED_AVAILABILITY = YES_AGGRESSIVE;
				CLANG_WARN_UNREACHABLE_CODE = YES;
				CLANG_WARN__DUPLICATE_METHOD_MATCH = YES;
				COPY_PHASE_STRIP = NO;
				DEBUG_INFORMATION_FORMAT = dwarf;
				ENABLE_STRICT_OBJC_MSGSEND = YES;
				ENABLE_TESTABILITY = YES;
				GCC_C_LANGUAGE_STANDARD = gnu11;
				GCC_DYNAMIC_NO_PIC = NO;
				GCC_NO_COMMON_BLOCKS = YES;
				GCC_OPTIMIZATION_LEVEL = 0;
				GCC_PREPROCESSOR_DEFINITIONS = (
					"DEBUG=1",
					"$(inherited)",
				);
				GCC_WARN_64_TO_32_BIT_CONVERSION = YES;
				GCC_WARN_ABOUT_RETURN_TYPE = YES_ERROR;
				GCC_WARN_UNDECLARED_SELECTOR = YES;
				GCC_WARN_UNINITIALIZED_AUTOS = YES_AGGRESSIVE;
				GCC_WARN_UNUSED_FUNCTION = YES;
				GCC_WARN_UNUSED_VARIABLE = YES;
				MACOSX_DEPLOYMENT_TARGET = 10.15;
				MTL_ENABLE_DEBUG_INFO = INCLUDE_SOURCE;
				MTL_FAST_MATH = YES;
				ONLY_ACTIVE_ARCH = YES;
				SDKROOT = macosx;
				SWIFT_ACTIVE_COMPILATION_CONDITIONS = DEBUG;
				SWIFT_OPTIMIZATION_LEVEL = "-Onone";
			};
			name = Debug;
		};
		4E202A322458F6DE001377CA /* Release */ = {
			isa = XCBuildConfiguration;
			buildSettings = {
				ALWAYS_SEARCH_USER_PATHS = NO;
				CLANG_ANALYZER_NONNULL = YES;
				CLANG_ANALYZER_NUMBER_OBJECT_CONVERSION = YES_AGGRESSIVE;
				CLANG_CXX_LANGUAGE_STANDARD = "gnu++14";
				CLANG_CXX_LIBRARY = "libc++";
				CLANG_ENABLE_MODULES = YES;
				CLANG_ENABLE_OBJC_ARC = YES;
				CLANG_ENABLE_OBJC_WEAK = YES;
				CLANG_WARN_BLOCK_CAPTURE_AUTORELEASING = YES;
				CLANG_WARN_BOOL_CONVERSION = YES;
				CLANG_WARN_COMMA = YES;
				CLANG_WARN_CONSTANT_CONVERSION = YES;
				CLANG_WARN_DEPRECATED_OBJC_IMPLEMENTATIONS = YES;
				CLANG_WARN_DIRECT_OBJC_ISA_USAGE = YES_ERROR;
				CLANG_WARN_DOCUMENTATION_COMMENTS = YES;
				CLANG_WARN_EMPTY_BODY = YES;
				CLANG_WARN_ENUM_CONVERSION = YES;
				CLANG_WARN_INFINITE_RECURSION = YES;
				CLANG_WARN_INT_CONVERSION = YES;
				CLANG_WARN_NON_LITERAL_NULL_CONVERSION = YES;
				CLANG_WARN_OBJC_IMPLICIT_RETAIN_SELF = YES;
				CLANG_WARN_OBJC_LITERAL_CONVERSION = YES;
				CLANG_WARN_OBJC_ROOT_CLASS = YES_ERROR;
				CLANG_WARN_RANGE_LOOP_ANALYSIS = YES;
				CLANG_WARN_STRICT_PROTOTYPES = YES;
				CLANG_WARN_SUSPICIOUS_MOVE = YES;
				CLANG_WARN_UNGUARDED_AVAILABILITY = YES_AGGRESSIVE;
				CLANG_WARN_UNREACHABLE_CODE = YES;
				CLANG_WARN__DUPLICATE_METHOD_MATCH = YES;
				COPY_PHASE_STRIP = NO;
				DEBUG_INFORMATION_FORMAT = "dwarf-with-dsym";
				ENABLE_NS_ASSERTIONS = NO;
				ENABLE_STRICT_OBJC_MSGSEND = YES;
				GCC_C_LANGUAGE_STANDARD = gnu11;
				GCC_NO_COMMON_BLOCKS = YES;
				GCC_WARN_64_TO_32_BIT_CONVERSION = YES;
				GCC_WARN_ABOUT_RETURN_TYPE = YES_ERROR;
				GCC_WARN_UNDECLARED_SELECTOR = YES;
				GCC_WARN_UNINITIALIZED_AUTOS = YES_AGGRESSIVE;
				GCC_WARN_UNUSED_FUNCTION = YES;
				GCC_WARN_UNUSED_VARIABLE = YES;
				MACOSX_DEPLOYMENT_TARGET = 10.15;
				MTL_ENABLE_DEBUG_INFO = NO;
				MTL_FAST_MATH = YES;
				SDKROOT = macosx;
				SWIFT_COMPILATION_MODE = wholemodule;
				SWIFT_OPTIMIZATION_LEVEL = "-O";
			};
			name = Release;
		};
		4E202A342458F6DE001377CA /* Debug */ = {
			isa = XCBuildConfiguration;
			buildSettings = {
				ASSETCATALOG_COMPILER_APPICON_NAME = AppIcon;
				CODE_SIGN_ENTITLEMENTS = MusicPlayer/MusicPlayer.entitlements;
				CODE_SIGN_STYLE = Automatic;
				COMBINE_HIDPI_IMAGES = YES;
				DEVELOPMENT_ASSET_PATHS = "\"MusicPlayer/Preview Content\"";
				DEVELOPMENT_TEAM = 4PANA77RMX;
				ENABLE_HARDENED_RUNTIME = YES;
				ENABLE_PREVIEWS = YES;
				INFOPLIST_FILE = MusicPlayer/Info.plist;
				LD_RUNPATH_SEARCH_PATHS = (
					"$(inherited)",
					"@executable_path/../Frameworks",
				);
				MACOSX_DEPLOYMENT_TARGET = 10.15;
				PRODUCT_BUNDLE_IDENTIFIER = com.GW.MusicPlayer;
				PRODUCT_NAME = "$(TARGET_NAME)";
				SWIFT_VERSION = 5.0;
			};
			name = Debug;
		};
		4E202A352458F6DE001377CA /* Release */ = {
			isa = XCBuildConfiguration;
			buildSettings = {
				ASSETCATALOG_COMPILER_APPICON_NAME = AppIcon;
				CODE_SIGN_ENTITLEMENTS = MusicPlayer/MusicPlayer.entitlements;
				CODE_SIGN_STYLE = Automatic;
				COMBINE_HIDPI_IMAGES = YES;
				DEVELOPMENT_ASSET_PATHS = "\"MusicPlayer/Preview Content\"";
				DEVELOPMENT_TEAM = 4PANA77RMX;
				ENABLE_HARDENED_RUNTIME = YES;
				ENABLE_PREVIEWS = YES;
				INFOPLIST_FILE = MusicPlayer/Info.plist;
				LD_RUNPATH_SEARCH_PATHS = (
					"$(inherited)",
					"@executable_path/../Frameworks",
				);
				MACOSX_DEPLOYMENT_TARGET = 10.15;
				PRODUCT_BUNDLE_IDENTIFIER = com.GW.MusicPlayer;
				PRODUCT_NAME = "$(TARGET_NAME)";
				SWIFT_VERSION = 5.0;
			};
			name = Release;
		};
/* End XCBuildConfiguration section */

/* Begin XCConfigurationList section */
		4E202A182458F6DD001377CA /* Build configuration list for PBXProject "MusicPlayer" */ = {
			isa = XCConfigurationList;
			buildConfigurations = (
				4E202A312458F6DE001377CA /* Debug */,
				4E202A322458F6DE001377CA /* Release */,
			);
			defaultConfigurationIsVisible = 0;
			defaultConfigurationName = Release;
		};
		4E202A332458F6DE001377CA /* Build configuration list for PBXNativeTarget "MusicPlayer" */ = {
			isa = XCConfigurationList;
			buildConfigurations = (
				4E202A342458F6DE001377CA /* Debug */,
				4E202A352458F6DE001377CA /* Release */,
			);
			defaultConfigurationIsVisible = 0;
			defaultConfigurationName = Release;
		};
/* End XCConfigurationList section */

/* Begin XCVersionGroup section */
		4E202A242458F6DD001377CA /* MusicPlayer.xcdatamodeld */ = {
			isa = XCVersionGroup;
			children = (
				4E202A252458F6DD001377CA /* MusicPlayer.xcdatamodel */,
			);
			currentVersion = 4E202A252458F6DD001377CA /* MusicPlayer.xcdatamodel */;
			path = MusicPlayer.xcdatamodeld;
			sourceTree = "<group>";
			versionGroupType = wrapper.xcdatamodel;
		};
/* End XCVersionGroup section */
	};
	rootObject = 4E202A152458F6DD001377CA /* Project object */;
}
